// !$*UTF8*$!
{
	archiveVersion = 1;
	classes = {
	};
	objectVersion = 77;
	objects = {

/* Begin PBXBuildFile section */
		014B069753244683B9A162FC /* Assets.xcassets in Resources */ = {isa = PBXBuildFile; fileRef = C45122AC2A088F188D8933A2 /* Assets.xcassets */; };
		099C061B9F970D976EE45467 /* SetupWindowPresenter.swift in Sources */ = {isa = PBXBuildFile; fileRef = 69694925CA743815D1C0D4F9 /* SetupWindowPresenter.swift */; };
		1292B68322AABEFC4BEEE058 /* UsageChartView.swift in Sources */ = {isa = PBXBuildFile; fileRef = D2D42E265FC32DC931F8A6EA /* UsageChartView.swift */; };
		187535FE3E842869AB4C8E8A /* AppModel.swift in Sources */ = {isa = PBXBuildFile; fileRef = 86DBC6CD62A5FD85CD5983D0 /* AppModel.swift */; };
		18B4C2FB24D25DABC0D852A8 /* WidgetViews.swift in Sources */ = {isa = PBXBuildFile; fileRef = E2E65E4350977ACA208C7BA8 /* WidgetViews.swift */; };
		27E6AE4AEF9507425B13C98C /* QuotaGlanceWidget.swift in Sources */ = {isa = PBXBuildFile; fileRef = 407F8EB1ADDB6434333E1B32 /* QuotaGlanceWidget.swift */; };
		3021FBBBC1EC41FABAC5BFC0 /* QuotaGlanceCore in Frameworks */ = {isa = PBXBuildFile; productRef = B43433A80E4865082B579D2E /* QuotaGlanceCore */; };
		326A7B156EB366889B795280 /* QuotaGlanceWidget.appex in Embed Foundation Extensions */ = {isa = PBXBuildFile; fileRef = C5FBD3A267751C980B056DCF /* QuotaGlanceWidget.appex */; settings = {ATTRIBUTES = (RemoveHeadersOnCopy, ); }; };
		326B1F6BBFA35F264FC6AEF7 /* QuotaGlanceApp.swift in Sources */ = {isa = PBXBuildFile; fileRef = A5FB8DB8C1E073D7322774EA /* QuotaGlanceApp.swift */; };
		3AF1CB36FD56FD621F32B731 /* CompatibleFormStyle.swift in Sources */ = {isa = PBXBuildFile; fileRef = B47270B3E4DC923E4EA8BB5F /* CompatibleFormStyle.swift */; };
		448D6E999E3C46A1041503E5 /* AppModel.swift in Sources */ = {isa = PBXBuildFile; fileRef = 86DBC6CD62A5FD85CD5983D0 /* AppModel.swift */; };
		50B103FB7B9B8E77967AFDC9 /* SettingsView.swift in Sources */ = {isa = PBXBuildFile; fileRef = 1F6E1AFBA8768CD98FA38B91 /* SettingsView.swift */; };
		56551C9AC6D51235B805F689 /* UsageChartView.swift in Sources */ = {isa = PBXBuildFile; fileRef = D2D42E265FC32DC931F8A6EA /* UsageChartView.swift */; };
		7399855A0C9D4D9F9F272B7C /* LaunchAtLoginService.swift in Sources */ = {isa = PBXBuildFile; fileRef = A9A030DF83E171017402EB2F /* LaunchAtLoginService.swift */; };
		74506F59B85B171E0146DA46 /* NotificationService.swift in Sources */ = {isa = PBXBuildFile; fileRef = 56FA82CF2B4BECD91167B38B /* NotificationService.swift */; };
		7D3785BAF503FE040CE12484 /* Assets.xcassets in Resources */ = {isa = PBXBuildFile; fileRef = C45122AC2A088F188D8933A2 /* Assets.xcassets */; };
		8B6B38C8CBC47B32B1B7C231 /* CompatibleFormStyle.swift in Sources */ = {isa = PBXBuildFile; fileRef = B47270B3E4DC923E4EA8BB5F /* CompatibleFormStyle.swift */; };
		8CEEAB5DE8D34F186837556C /* QuotaGlanceCore in Frameworks */ = {isa = PBXBuildFile; productRef = 0E9F2892EEC90A01AD6AE577 /* QuotaGlanceCore */; };
		9F1F1D5FE13BCA2A1FC834DB /* AccountEditorView.swift in Sources */ = {isa = PBXBuildFile; fileRef = 07DFB7E297E0D88831C554BD /* AccountEditorView.swift */; };
		A233C809A25B929BD899AD42 /* LaunchAtLoginService.swift in Sources */ = {isa = PBXBuildFile; fileRef = A9A030DF83E171017402EB2F /* LaunchAtLoginService.swift */; };
		AC695D6FB1D9EC98FFDCBE7B /* MenuBarDashboardView.swift in Sources */ = {isa = PBXBuildFile; fileRef = F8117F588F7F89A8ECBEBA1F /* MenuBarDashboardView.swift */; };
		BC1175FBB822C27FB933D7A9 /* QuotaGlanceCore in Frameworks */ = {isa = PBXBuildFile; productRef = 517E2F8F23A8C70D387A5652 /* QuotaGlanceCore */; };
		BC5C0FDF32B6FB2BB215468E /* StatusBarController.swift in Sources */ = {isa = PBXBuildFile; fileRef = 21BCFCF6B7B3FFA935AB87B0 /* StatusBarController.swift */; };
		C4C87C3C84D3FCE73F756053 /* AccountEditorView.swift in Sources */ = {isa = PBXBuildFile; fileRef = 07DFB7E297E0D88831C554BD /* AccountEditorView.swift */; };
		CA9515B1F97C364D84BBF4A6 /* AccountSelectionIntent.swift in Sources */ = {isa = PBXBuildFile; fileRef = 5FB360DCE28CCF0F3BE66BDC /* AccountSelectionIntent.swift */; };
		D0286FD3A5148AA5AFB8D7EF /* SettingsView.swift in Sources */ = {isa = PBXBuildFile; fileRef = 1F6E1AFBA8768CD98FA38B91 /* SettingsView.swift */; };
		D982EB7094658B5F5CFAECDB /* MenuBarDashboardView.swift in Sources */ = {isa = PBXBuildFile; fileRef = F8117F588F7F89A8ECBEBA1F /* MenuBarDashboardView.swift */; };
		DB67E8123E5E34045A20EA6B /* QuotaGlanceApp.swift in Sources */ = {isa = PBXBuildFile; fileRef = A5FB8DB8C1E073D7322774EA /* QuotaGlanceApp.swift */; };
		DEF0B211D312736165F981CF /* SetupWindowPresenter.swift in Sources */ = {isa = PBXBuildFile; fileRef = 69694925CA743815D1C0D4F9 /* SetupWindowPresenter.swift */; };
		E3F7BE6433D0485CAF8AE672 /* NotificationService.swift in Sources */ = {isa = PBXBuildFile; fileRef = 56FA82CF2B4BECD91167B38B /* NotificationService.swift */; };
		E41B2A1F21F429C6D735A2B3 /* StatusBarController.swift in Sources */ = {isa = PBXBuildFile; fileRef = 21BCFCF6B7B3FFA935AB87B0 /* StatusBarController.swift */; };
		E94051C42D8A5FE8D0747520 /* QuotaGlanceWidgetBundle.swift in Sources */ = {isa = PBXBuildFile; fileRef = 45AFA11C2B0136118BBA4CF1 /* QuotaGlanceWidgetBundle.swift */; };
/* End PBXBuildFile section */

/* Begin PBXContainerItemProxy section */
		0684BEA062E848A63C646C2F /* PBXContainerItemProxy */ = {
			isa = PBXContainerItemProxy;
			containerPortal = 8F61C0D2CAD99FDA9F2BAB8B /* Project object */;
			proxyType = 1;
			remoteGlobalIDString = 39371F75B7DFB924E988C487;
			remoteInfo = QuotaGlanceWidget;
		};
/* End PBXContainerItemProxy section */

/* Begin PBXCopyFilesBuildPhase section */
		FEEC86918060C47A7386465C /* Embed Foundation Extensions */ = {
			isa = PBXCopyFilesBuildPhase;
			buildActionMask = 2147483647;
			dstPath = "";
			dstSubfolderSpec = 13;
			files = (
				326A7B156EB366889B795280 /* QuotaGlanceWidget.appex in Embed Foundation Extensions */,
			);
			name = "Embed Foundation Extensions";
			runOnlyForDeploymentPostprocessing = 0;
		};
/* End PBXCopyFilesBuildPhase section */

/* Begin PBXFileReference section */
		07DFB7E297E0D88831C554BD /* AccountEditorView.swift */ = {isa = PBXFileReference; lastKnownFileType = sourcecode.swift; path = AccountEditorView.swift; sourceTree = "<group>"; };
		1F6E1AFBA8768CD98FA38B91 /* SettingsView.swift */ = {isa = PBXFileReference; lastKnownFileType = sourcecode.swift; path = SettingsView.swift; sourceTree = "<group>"; };
		21BCFCF6B7B3FFA935AB87B0 /* StatusBarController.swift */ = {isa = PBXFileReference; lastKnownFileType = sourcecode.swift; path = StatusBarController.swift; sourceTree = "<group>"; };
		407F8EB1ADDB6434333E1B32 /* QuotaGlanceWidget.swift */ = {isa = PBXFileReference; lastKnownFileType = sourcecode.swift; path = QuotaGlanceWidget.swift; sourceTree = "<group>"; };
		45AFA11C2B0136118BBA4CF1 /* QuotaGlanceWidgetBundle.swift */ = {isa = PBXFileReference; lastKnownFileType = sourcecode.swift; path = QuotaGlanceWidgetBundle.swift; sourceTree = "<group>"; };
		51EAECAE827BCD3048850CBA /* QuotaGlance.app */ = {isa = PBXFileReference; explicitFileType = wrapper.application; includeInIndex = 0; path = QuotaGlance.app; sourceTree = BUILT_PRODUCTS_DIR; };
		56FA82CF2B4BECD91167B38B /* NotificationService.swift */ = {isa = PBXFileReference; lastKnownFileType = sourcecode.swift; path = NotificationService.swift; sourceTree = "<group>"; };
		5FB360DCE28CCF0F3BE66BDC /* AccountSelectionIntent.swift */ = {isa = PBXFileReference; lastKnownFileType = sourcecode.swift; path = AccountSelectionIntent.swift; sourceTree = "<group>"; };
		69694925CA743815D1C0D4F9 /* SetupWindowPresenter.swift */ = {isa = PBXFileReference; lastKnownFileType = sourcecode.swift; path = SetupWindowPresenter.swift; sourceTree = "<group>"; };
		86DBC6CD62A5FD85CD5983D0 /* AppModel.swift */ = {isa = PBXFileReference; lastKnownFileType = sourcecode.swift; path = AppModel.swift; sourceTree = "<group>"; };
		A5FB8DB8C1E073D7322774EA /* QuotaGlanceApp.swift */ = {isa = PBXFileReference; lastKnownFileType = sourcecode.swift; path = QuotaGlanceApp.swift; sourceTree = "<group>"; };
		A9A030DF83E171017402EB2F /* LaunchAtLoginService.swift */ = {isa = PBXFileReference; lastKnownFileType = sourcecode.swift; path = LaunchAtLoginService.swift; sourceTree = "<group>"; };
		B47270B3E4DC923E4EA8BB5F /* CompatibleFormStyle.swift */ = {isa = PBXFileReference; lastKnownFileType = sourcecode.swift; path = CompatibleFormStyle.swift; sourceTree = "<group>"; };
		C45122AC2A088F188D8933A2 /* Assets.xcassets */ = {isa = PBXFileReference; lastKnownFileType = folder.assetcatalog; path = Assets.xcassets; sourceTree = "<group>"; };
		C5FBD3A267751C980B056DCF /* QuotaGlanceWidget.appex */ = {isa = PBXFileReference; explicitFileType = "wrapper.app-extension"; includeInIndex = 0; path = QuotaGlanceWidget.appex; sourceTree = BUILT_PRODUCTS_DIR; };
		D2D42E265FC32DC931F8A6EA /* UsageChartView.swift */ = {isa = PBXFileReference; lastKnownFileType = sourcecode.swift; path = UsageChartView.swift; sourceTree = "<group>"; };
		D971C09B24488E62B4C029BB /* QuotaGlanceLegacy.app */ = {isa = PBXFileReference; explicitFileType = wrapper.application; includeInIndex = 0; path = QuotaGlanceLegacy.app; sourceTree = BUILT_PRODUCTS_DIR; };
		E2E65E4350977ACA208C7BA8 /* WidgetViews.swift */ = {isa = PBXFileReference; lastKnownFileType = sourcecode.swift; path = WidgetViews.swift; sourceTree = "<group>"; };
		EBF6A1E8E37588D6073A1C22 /* QuotaGlance */ = {isa = PBXFileReference; lastKnownFileType = folder; name = QuotaGlance; path = .; sourceTree = SOURCE_ROOT; };
		F8117F588F7F89A8ECBEBA1F /* MenuBarDashboardView.swift */ = {isa = PBXFileReference; lastKnownFileType = sourcecode.swift; path = MenuBarDashboardView.swift; sourceTree = "<group>"; };
/* End PBXFileReference section */

/* Begin PBXFrameworksBuildPhase section */
		15F4D06756BA577838A6CA62 /* Frameworks */ = {
			isa = PBXFrameworksBuildPhase;
			buildActionMask = 2147483647;
			files = (
				3021FBBBC1EC41FABAC5BFC0 /* QuotaGlanceCore in Frameworks */,
			);
			runOnlyForDeploymentPostprocessing = 0;
		};
		67AE5798B1484467FB24CBEF /* Frameworks */ = {
			isa = PBXFrameworksBuildPhase;
			buildActionMask = 2147483647;
			files = (
				8CEEAB5DE8D34F186837556C /* QuotaGlanceCore in Frameworks */,
			);
			runOnlyForDeploymentPostprocessing = 0;
		};
		EC30A0E1CA11945974FB0FBE /* Frameworks */ = {
			isa = PBXFrameworksBuildPhase;
			buildActionMask = 2147483647;
			files = (
				BC1175FBB822C27FB933D7A9 /* QuotaGlanceCore in Frameworks */,
			);
			runOnlyForDeploymentPostprocessing = 0;
		};
/* End PBXFrameworksBuildPhase section */

/* Begin PBXGroup section */
		146CF1D0FC44D5465CD5263E /* MenuBar */ = {
			isa = PBXGroup;
			children = (
				F8117F588F7F89A8ECBEBA1F /* MenuBarDashboardView.swift */,
				21BCFCF6B7B3FFA935AB87B0 /* StatusBarController.swift */,
				D2D42E265FC32DC931F8A6EA /* UsageChartView.swift */,
			);
			path = MenuBar;
			sourceTree = "<group>";
		};
		6B313A67D712A8FDD5779846 /* Services */ = {
			isa = PBXGroup;
			children = (
				A9A030DF83E171017402EB2F /* LaunchAtLoginService.swift */,
				56FA82CF2B4BECD91167B38B /* NotificationService.swift */,
			);
			path = Services;
			sourceTree = "<group>";
		};
		861A21B16B9BA32B37A159E1 /* Products */ = {
			isa = PBXGroup;
			children = (
				51EAECAE827BCD3048850CBA /* QuotaGlance.app */,
				D971C09B24488E62B4C029BB /* QuotaGlanceLegacy.app */,
				C5FBD3A267751C980B056DCF /* QuotaGlanceWidget.appex */,
			);
			name = Products;
			sourceTree = "<group>";
		};
		ACF0A69EB442CE24F1F917D6 /* App */ = {
			isa = PBXGroup;
			children = (
				86DBC6CD62A5FD85CD5983D0 /* AppModel.swift */,
				C45122AC2A088F188D8933A2 /* Assets.xcassets */,
				A5FB8DB8C1E073D7322774EA /* QuotaGlanceApp.swift */,
				69694925CA743815D1C0D4F9 /* SetupWindowPresenter.swift */,
				146CF1D0FC44D5465CD5263E /* MenuBar */,
				6B313A67D712A8FDD5779846 /* Services */,
				F086E3532ECAF773B1150BF2 /* Settings */,
			);
			path = App;
			sourceTree = "<group>";
		};
		CAC1641495E1D5229EB058F8 /* Widget */ = {
			isa = PBXGroup;
			children = (
				5FB360DCE28CCF0F3BE66BDC /* AccountSelectionIntent.swift */,
				407F8EB1ADDB6434333E1B32 /* QuotaGlanceWidget.swift */,
				45AFA11C2B0136118BBA4CF1 /* QuotaGlanceWidgetBundle.swift */,
				E2E65E4350977ACA208C7BA8 /* WidgetViews.swift */,
			);
			path = Widget;
			sourceTree = "<group>";
		};
		D07B3C2CF093B6F542C3103C /* Packages */ = {
			isa = PBXGroup;
			children = (
				EBF6A1E8E37588D6073A1C22 /* QuotaGlance */,
			);
			name = Packages;
			sourceTree = "<group>";
		};
		ECF0AF61689E2139D9828668 = {
			isa = PBXGroup;
			children = (
				ACF0A69EB442CE24F1F917D6 /* App */,
				D07B3C2CF093B6F542C3103C /* Packages */,
				CAC1641495E1D5229EB058F8 /* Widget */,
				861A21B16B9BA32B37A159E1 /* Products */,
			);
			sourceTree = "<group>";
		};
		F086E3532ECAF773B1150BF2 /* Settings */ = {
			isa = PBXGroup;
			children = (
				07DFB7E297E0D88831C554BD /* AccountEditorView.swift */,
				B47270B3E4DC923E4EA8BB5F /* CompatibleFormStyle.swift */,
				1F6E1AFBA8768CD98FA38B91 /* SettingsView.swift */,
			);
			path = Settings;
			sourceTree = "<group>";
		};
/* End PBXGroup section */

/* Begin PBXNativeTarget section */
		39371F75B7DFB924E988C487 /* QuotaGlanceWidget */ = {
			isa = PBXNativeTarget;
			buildConfigurationList = 9D8E6D819B79FDF4A15C5FDD /* Build configuration list for PBXNativeTarget "QuotaGlanceWidget" */;
			buildPhases = (
				B7DD0B3E57961DFEC538A070 /* Sources */,
				15F4D06756BA577838A6CA62 /* Frameworks */,
			);
			buildRules = (
			);
			dependencies = (
			);
			name = QuotaGlanceWidget;
			packageProductDependencies = (
				B43433A80E4865082B579D2E /* QuotaGlanceCore */,
			);
			productName = QuotaGlanceWidget;
			productReference = C5FBD3A267751C980B056DCF /* QuotaGlanceWidget.appex */;
			productType = "com.apple.product-type.app-extension";
		};
		722FC3AFDA4F2CA6D3C3A32A /* QuotaGlance */ = {
			isa = PBXNativeTarget;
			buildConfigurationList = 18AA717E0A848EC124AF5506 /* Build configuration list for PBXNativeTarget "QuotaGlance" */;
			buildPhases = (
				E09C69B762E98536EE9DC67B /* Sources */,
				8A46750CCE7C8D96EB57F569 /* Resources */,
				67AE5798B1484467FB24CBEF /* Frameworks */,
				FEEC86918060C47A7386465C /* Embed Foundation Extensions */,
			);
			buildRules = (
			);
			dependencies = (
				702D4684175CA79DF3E61A6A /* PBXTargetDependency */,
			);
			name = QuotaGlance;
			packageProductDependencies = (
				0E9F2892EEC90A01AD6AE577 /* QuotaGlanceCore */,
			);
			productName = QuotaGlance;
			productReference = 51EAECAE827BCD3048850CBA /* QuotaGlance.app */;
			productType = "com.apple.product-type.application";
		};
		C65745D6ED26024CAFC75B59 /* QuotaGlanceLegacy */ = {
			isa = PBXNativeTarget;
			buildConfigurationList = E68FCA8941092233FFE0FC9A /* Build configuration list for PBXNativeTarget "QuotaGlanceLegacy" */;
			buildPhases = (
				7538719EA69FF71B0A4C937B /* Sources */,
				A7E522ADEFC1AE1F0C59B50E /* Resources */,
				EC30A0E1CA11945974FB0FBE /* Frameworks */,
			);
			buildRules = (
			);
			dependencies = (
			);
			name = QuotaGlanceLegacy;
			packageProductDependencies = (
				517E2F8F23A8C70D387A5652 /* QuotaGlanceCore */,
			);
			productName = QuotaGlanceLegacy;
			productReference = D971C09B24488E62B4C029BB /* QuotaGlanceLegacy.app */;
			productType = "com.apple.product-type.application";
		};
/* End PBXNativeTarget section */

/* Begin PBXProject section */
		8F61C0D2CAD99FDA9F2BAB8B /* Project object */ = {
			isa = PBXProject;
			attributes = {
				BuildIndependentTargetsInParallel = YES;
				LastUpgradeCheck = 1430;
				TargetAttributes = {
					39371F75B7DFB924E988C487 = {
						ProvisioningStyle = Automatic;
					};
					722FC3AFDA4F2CA6D3C3A32A = {
						ProvisioningStyle = Automatic;
					};
					C65745D6ED26024CAFC75B59 = {
						ProvisioningStyle = Automatic;
					};
				};
			};
			buildConfigurationList = 57E47049C113AAD1838B6206 /* Build configuration list for PBXProject "QuotaGlance" */;
			developmentRegion = en;
			hasScannedForEncodings = 0;
			knownRegions = (
				Base,
				en,
			);
			mainGroup = ECF0AF61689E2139D9828668;
			minimizedProjectReferenceProxies = 1;
			packageReferences = (
				F3213ACBB4C05471B0AF07BE /* XCLocalSwiftPackageReference "." */,
			);
			preferredProjectObjectVersion = 77;
			productRefGroup = 861A21B16B9BA32B37A159E1 /* Products */;
			projectDirPath = "";
			projectRoot = "";
			targets = (
				722FC3AFDA4F2CA6D3C3A32A /* QuotaGlance */,
				C65745D6ED26024CAFC75B59 /* QuotaGlanceLegacy */,
				39371F75B7DFB924E988C487 /* QuotaGlanceWidget */,
			);
		};
/* End PBXProject section */

/* Begin PBXResourcesBuildPhase section */
		8A46750CCE7C8D96EB57F569 /* Resources */ = {
			isa = PBXResourcesBuildPhase;
			buildActionMask = 2147483647;
			files = (
				7D3785BAF503FE040CE12484 /* Assets.xcassets in Resources */,
			);
			runOnlyForDeploymentPostprocessing = 0;
		};
		A7E522ADEFC1AE1F0C59B50E /* Resources */ = {
			isa = PBXResourcesBuildPhase;
			buildActionMask = 2147483647;
			files = (
				014B069753244683B9A162FC /* Assets.xcassets in Resources */,
			);
			runOnlyForDeploymentPostprocessing = 0;
		};
/* End PBXResourcesBuildPhase section */

/* Begin PBXSourcesBuildPhase section */
		7538719EA69FF71B0A4C937B /* Sources */ = {
			isa = PBXSourcesBuildPhase;
			buildActionMask = 2147483647;
			files = (
				C4C87C3C84D3FCE73F756053 /* AccountEditorView.swift in Sources */,
				448D6E999E3C46A1041503E5 /* AppModel.swift in Sources */,
				3AF1CB36FD56FD621F32B731 /* CompatibleFormStyle.swift in Sources */,
				A233C809A25B929BD899AD42 /* LaunchAtLoginService.swift in Sources */,
				AC695D6FB1D9EC98FFDCBE7B /* MenuBarDashboardView.swift in Sources */,
				74506F59B85B171E0146DA46 /* NotificationService.swift in Sources */,
				326B1F6BBFA35F264FC6AEF7 /* QuotaGlanceApp.swift in Sources */,
				50B103FB7B9B8E77967AFDC9 /* SettingsView.swift in Sources */,
				DEF0B211D312736165F981CF /* SetupWindowPresenter.swift in Sources */,
				E41B2A1F21F429C6D735A2B3 /* StatusBarController.swift in Sources */,
				1292B68322AABEFC4BEEE058 /* UsageChartView.swift in Sources */,
			);
			runOnlyForDeploymentPostprocessing = 0;
		};
		B7DD0B3E57961DFEC538A070 /* Sources */ = {
			isa = PBXSourcesBuildPhase;
			buildActionMask = 2147483647;
			files = (
				CA9515B1F97C364D84BBF4A6 /* AccountSelectionIntent.swift in Sources */,
				27E6AE4AEF9507425B13C98C /* QuotaGlanceWidget.swift in Sources */,
				E94051C42D8A5FE8D0747520 /* QuotaGlanceWidgetBundle.swift in Sources */,
				18B4C2FB24D25DABC0D852A8 /* WidgetViews.swift in Sources */,
			);
			runOnlyForDeploymentPostprocessing = 0;
		};
		E09C69B762E98536EE9DC67B /* Sources */ = {
			isa = PBXSourcesBuildPhase;
			buildActionMask = 2147483647;
			files = (
				9F1F1D5FE13BCA2A1FC834DB /* AccountEditorView.swift in Sources */,
				187535FE3E842869AB4C8E8A /* AppModel.swift in Sources */,
				8B6B38C8CBC47B32B1B7C231 /* CompatibleFormStyle.swift in Sources */,
				7399855A0C9D4D9F9F272B7C /* LaunchAtLoginService.swift in Sources */,
				D982EB7094658B5F5CFAECDB /* MenuBarDashboardView.swift in Sources */,
				E3F7BE6433D0485CAF8AE672 /* NotificationService.swift in Sources */,
				DB67E8123E5E34045A20EA6B /* QuotaGlanceApp.swift in Sources */,
				D0286FD3A5148AA5AFB8D7EF /* SettingsView.swift in Sources */,
				099C061B9F970D976EE45467 /* SetupWindowPresenter.swift in Sources */,
				BC5C0FDF32B6FB2BB215468E /* StatusBarController.swift in Sources */,
				56551C9AC6D51235B805F689 /* UsageChartView.swift in Sources */,
			);
			runOnlyForDeploymentPostprocessing = 0;
		};
/* End PBXSourcesBuildPhase section */

/* Begin PBXTargetDependency section */
		702D4684175CA79DF3E61A6A /* PBXTargetDependency */ = {
			isa = PBXTargetDependency;
			target = 39371F75B7DFB924E988C487 /* QuotaGlanceWidget */;
			targetProxy = 0684BEA062E848A63C646C2F /* PBXContainerItemProxy */;
		};
/* End PBXTargetDependency section */

/* Begin XCBuildConfiguration section */
		5B5F181DAE9B341CBE74F5FD /* Debug */ = {
			isa = XCBuildConfiguration;
			buildSettings = {
				ALWAYS_SEARCH_USER_PATHS = NO;
				CLANG_ANALYZER_NONNULL = YES;
				CLANG_ANALYZER_NUMBER_OBJECT_CONVERSION = YES_AGGRESSIVE;
				CLANG_CXX_LANGUAGE_STANDARD = "gnu++14";
				CLANG_CXX_LIBRARY = "libc++";
				CLANG_ENABLE_MODULES = YES;
				CLANG_ENABLE_OBJC_ARC = YES;
				CLANG_ENABLE_OBJC_WEAK = YES;
				CLANG_WARN_BLOCK_CAPTURE_AUTORELEASING = YES;
				CLANG_WARN_BOOL_CONVERSION = YES;
				CLANG_WARN_COMMA = YES;
				CLANG_WARN_CONSTANT_CONVERSION = YES;
				CLANG_WARN_DEPRECATED_OBJC_IMPLEMENTATIONS = YES;
				CLANG_WARN_DIRECT_OBJC_ISA_USAGE = YES_ERROR;
				CLANG_WARN_DOCUMENTATION_COMMENTS = YES;
				CLANG_WARN_EMPTY_BODY = YES;
				CLANG_WARN_ENUM_CONVERSION = YES;
				CLANG_WARN_INFINITE_RECURSION = YES;
				CLANG_WARN_INT_CONVERSION = YES;
				CLANG_WARN_NON_LITERAL_NULL_CONVERSION = YES;
				CLANG_WARN_OBJC_IMPLICIT_RETAIN_SELF = YES;
				CLANG_WARN_OBJC_LITERAL_CONVERSION = YES;
				CLANG_WARN_OBJC_ROOT_CLASS = YES_ERROR;
				CLANG_WARN_QUOTED_INCLUDE_IN_FRAMEWORK_HEADER = YES;
				CLANG_WARN_RANGE_LOOP_ANALYSIS = YES;
				CLANG_WARN_STRICT_PROTOTYPES = YES;
				CLANG_WARN_SUSPICIOUS_MOVE = YES;
				CLANG_WARN_UNGUARDED_AVAILABILITY = YES_AGGRESSIVE;
				CLANG_WARN_UNREACHABLE_CODE = YES;
				CLANG_WARN__DUPLICATE_METHOD_MATCH = YES;
				CODE_SIGN_STYLE = Automatic;
				COPY_PHASE_STRIP = NO;
				CURRENT_PROJECT_VERSION = 1;
				DEBUG_INFORMATION_FORMAT = dwarf;
				ENABLE_STRICT_OBJC_MSGSEND = YES;
				ENABLE_TESTABILITY = YES;
				GCC_C_LANGUAGE_STANDARD = gnu11;
				GCC_DYNAMIC_NO_PIC = NO;
				GCC_NO_COMMON_BLOCKS = YES;
				GCC_OPTIMIZATION_LEVEL = 0;
				GCC_PREPROCESSOR_DEFINITIONS = (
					"$(inherited)",
					"DEBUG=1",
				);
				GCC_WARN_64_TO_32_BIT_CONVERSION = YES;
				GCC_WARN_ABOUT_RETURN_TYPE = YES_ERROR;
				GCC_WARN_UNDECLARED_SELECTOR = YES;
				GCC_WARN_UNINITIALIZED_AUTOS = YES_AGGRESSIVE;
				GCC_WARN_UNUSED_FUNCTION = YES;
				GCC_WARN_UNUSED_VARIABLE = YES;
				MACOSX_DEPLOYMENT_TARGET = 12.0;
				MARKETING_VERSION = 0.1.0;
				MTL_ENABLE_DEBUG_INFO = INCLUDE_SOURCE;
				MTL_FAST_MATH = YES;
				ONLY_ACTIVE_ARCH = YES;
				PRODUCT_NAME = "$(TARGET_NAME)";
				SDKROOT = macosx;
				SWIFT_ACTIVE_COMPILATION_CONDITIONS = DEBUG;
				SWIFT_OPTIMIZATION_LEVEL = "-Onone";
				SWIFT_VERSION = 6.0;
			};
			name = Debug;
		};
		65362F5092B5786AEF7D228F /* Release */ = {
			isa = XCBuildConfiguration;
			buildSettings = {
				ALWAYS_SEARCH_USER_PATHS = NO;
				CLANG_ANALYZER_NONNULL = YES;
				CLANG_ANALYZER_NUMBER_OBJECT_CONVERSION = YES_AGGRESSIVE;
				CLANG_CXX_LANGUAGE_STANDARD = "gnu++14";
				CLANG_CXX_LIBRARY = "libc++";
				CLANG_ENABLE_MODULES = YES;
				CLANG_ENABLE_OBJC_ARC = YES;
				CLANG_ENABLE_OBJC_WEAK = YES;
				CLANG_WARN_BLOCK_CAPTURE_AUTORELEASING = YES;
				CLANG_WARN_BOOL_CONVERSION = YES;
				CLANG_WARN_COMMA = YES;
				CLANG_WARN_CONSTANT_CONVERSION = YES;
				CLANG_WARN_DEPRECATED_OBJC_IMPLEMENTATIONS = YES;
				CLANG_WARN_DIRECT_OBJC_ISA_USAGE = YES_ERROR;
				CLANG_WARN_DOCUMENTATION_COMMENTS = YES;
				CLANG_WARN_EMPTY_BODY = YES;
				CLANG_WARN_ENUM_CONVERSION = YES;
				CLANG_WARN_INFINITE_RECURSION = YES;
				CLANG_WARN_INT_CONVERSION = YES;
				CLANG_WARN_NON_LITERAL_NULL_CONVERSION = YES;
				CLANG_WARN_OBJC_IMPLICIT_RETAIN_SELF = YES;
				CLANG_WARN_OBJC_LITERAL_CONVERSION = YES;
				CLANG_WARN_OBJC_ROOT_CLASS = YES_ERROR;
				CLANG_WARN_QUOTED_INCLUDE_IN_FRAMEWORK_HEADER = YES;
				CLANG_WARN_RANGE_LOOP_ANALYSIS = YES;
				CLANG_WARN_STRICT_PROTOTYPES = YES;
				CLANG_WARN_SUSPICIOUS_MOVE = YES;
				CLANG_WARN_UNGUARDED_AVAILABILITY = YES_AGGRESSIVE;
				CLANG_WARN_UNREACHABLE_CODE = YES;
				CLANG_WARN__DUPLICATE_METHOD_MATCH = YES;
				CODE_SIGN_STYLE = Automatic;
				COPY_PHASE_STRIP = NO;
				CURRENT_PROJECT_VERSION = 1;
				DEBUG_INFORMATION_FORMAT = "dwarf-with-dsym";
				ENABLE_NS_ASSERTIONS = NO;
				ENABLE_STRICT_OBJC_MSGSEND = YES;
				GCC_C_LANGUAGE_STANDARD = gnu11;
				GCC_NO_COMMON_BLOCKS = YES;
				GCC_WARN_64_TO_32_BIT_CONVERSION = YES;
				GCC_WARN_ABOUT_RETURN_TYPE = YES_ERROR;
				GCC_WARN_UNDECLARED_SELECTOR = YES;
				GCC_WARN_UNINITIALIZED_AUTOS = YES_AGGRESSIVE;
				GCC_WARN_UNUSED_FUNCTION = YES;
				GCC_WARN_UNUSED_VARIABLE = YES;
				MACOSX_DEPLOYMENT_TARGET = 12.0;
				MARKETING_VERSION = 0.1.0;
				MTL_ENABLE_DEBUG_INFO = NO;
				MTL_FAST_MATH = YES;
				PRODUCT_NAME = "$(TARGET_NAME)";
				SDKROOT = macosx;
				SWIFT_COMPILATION_MODE = wholemodule;
				SWIFT_OPTIMIZATION_LEVEL = "-O";
				SWIFT_VERSION = 6.0;
			};
			name = Release;
		};
		8A80C48155658C735AD22642 /* Release */ = {
			isa = XCBuildConfiguration;
			buildSettings = {
				APPLICATION_EXTENSION_API_ONLY = YES;
				CODE_SIGN_ENTITLEMENTS = Widget/QuotaGlanceWidget.entitlements;
				COMBINE_HIDPI_IMAGES = YES;
				INFOPLIST_FILE = Widget/Info.plist;
				LD_RUNPATH_SEARCH_PATHS = (
					"$(inherited)",
					"@executable_path/../Frameworks",
					"@executable_path/../../../../Frameworks",
				);
				MACOSX_DEPLOYMENT_TARGET = 14.0;
				PRODUCT_BUNDLE_IDENTIFIER = com.liangrui.QuotaGlance.Widget;
				PRODUCT_NAME = QuotaGlanceWidget;
				SDKROOT = macosx;
				SKIP_INSTALL = YES;
			};
			name = Release;
		};
		9B2507976F2385573BECB42B /* Release */ = {
			isa = XCBuildConfiguration;
			buildSettings = {
				ASSETCATALOG_COMPILER_APPICON_NAME = AppIcon;
				CODE_SIGN_ENTITLEMENTS = App/QuotaGlance.entitlements;
				COMBINE_HIDPI_IMAGES = YES;
				ENABLE_HARDENED_RUNTIME = YES;
				INFOPLIST_FILE = App/Info.plist;
				LD_RUNPATH_SEARCH_PATHS = (
					"$(inherited)",
					"@executable_path/../Frameworks",
				);
				MACOSX_DEPLOYMENT_TARGET = 14.0;
				PRODUCT_BUNDLE_IDENTIFIER = com.liangrui.QuotaGlance;
				PRODUCT_NAME = QuotaGlance;
				SDKROOT = macosx;
			};
			name = Release;
		};
		C1F408BF6C84BBABE80ADFB1 /* Debug */ = {
			isa = XCBuildConfiguration;
			buildSettings = {
				ASSETCATALOG_COMPILER_APPICON_NAME = AppIcon;
				CODE_SIGN_ENTITLEMENTS = App/QuotaGlance.entitlements;
				COMBINE_HIDPI_IMAGES = YES;
				ENABLE_HARDENED_RUNTIME = YES;
				INFOPLIST_FILE = App/Info.plist;
				LD_RUNPATH_SEARCH_PATHS = (
					"$(inherited)",
					"@executable_path/../Frameworks",
				);
				MACOSX_DEPLOYMENT_TARGET = 14.0;
				PRODUCT_BUNDLE_IDENTIFIER = com.liangrui.QuotaGlance;
				PRODUCT_NAME = QuotaGlance;
				SDKROOT = macosx;
			};
			name = Debug;
		};
		D2FAD0898F020609D1D3ECF7 /* Debug */ = {
			isa = XCBuildConfiguration;
			buildSettings = {
				ASSETCATALOG_COMPILER_APPICON_NAME = AppIcon;
				CODE_SIGN_ENTITLEMENTS = App/QuotaGlance.entitlements;
				COMBINE_HIDPI_IMAGES = YES;
				ENABLE_HARDENED_RUNTIME = YES;
				INFOPLIST_FILE = App/Info.plist;
				LD_RUNPATH_SEARCH_PATHS = (
					"$(inherited)",
					"@executable_path/../Frameworks",
				);
				MACOSX_DEPLOYMENT_TARGET = 12.0;
				PRODUCT_BUNDLE_IDENTIFIER = com.liangrui.QuotaGlance;
				PRODUCT_NAME = QuotaGlance;
				SDKROOT = macosx;
			};
			name = Debug;
		};
		F6F1C2C51592CB69736D09F3 /* Debug */ = {
			isa = XCBuildConfiguration;
			buildSettings = {
				APPLICATION_EXTENSION_API_ONLY = YES;
				CODE_SIGN_ENTITLEMENTS = Widget/QuotaGlanceWidget.entitlements;
				COMBINE_HIDPI_IMAGES = YES;
				INFOPLIST_FILE = Widget/Info.plist;
				LD_RUNPATH_SEARCH_PATHS = (
					"$(inherited)",
					"@executable_path/../Frameworks",
					"@executable_path/../../../../Frameworks",
				);
				MACOSX_DEPLOYMENT_TARGET = 14.0;
				PRODUCT_BUNDLE_IDENTIFIER = com.liangrui.QuotaGlance.Widget;
				PRODUCT_NAME = QuotaGlanceWidget;
				SDKROOT = macosx;
				SKIP_INSTALL = YES;
			};
			name = Debug;
		};
		FFC2E1332F974433D180DA66 /* Release */ = {
			isa = XCBuildConfiguration;
			buildSettings = {
				ASSETCATALOG_COMPILER_APPICON_NAME = AppIcon;
				CODE_SIGN_ENTITLEMENTS = App/QuotaGlance.entitlements;
				COMBINE_HIDPI_IMAGES = YES;
				ENABLE_HARDENED_RUNTIME = YES;
				INFOPLIST_FILE = App/Info.plist;
				LD_RUNPATH_SEARCH_PATHS = (
					"$(inherited)",
					"@executable_path/../Frameworks",
				);
				MACOSX_DEPLOYMENT_TARGET = 12.0;
				PRODUCT_BUNDLE_IDENTIFIER = com.liangrui.QuotaGlance;
				PRODUCT_NAME = QuotaGlance;
				SDKROOT = macosx;
			};
			name = Release;
		};
/* End XCBuildConfiguration section */

/* Begin XCConfigurationList section */
		18AA717E0A848EC124AF5506 /* Build configuration list for PBXNativeTarget "QuotaGlance" */ = {
			isa = XCConfigurationList;
			buildConfigurations = (
				C1F408BF6C84BBABE80ADFB1 /* Debug */,
				9B2507976F2385573BECB42B /* Release */,
			);
			defaultConfigurationIsVisible = 0;
			defaultConfigurationName = Debug;
		};
		57E47049C113AAD1838B6206 /* Build configuration list for PBXProject "QuotaGlance" */ = {
			isa = XCConfigurationList;
			buildConfigurations = (
				5B5F181DAE9B341CBE74F5FD /* Debug */,
				65362F5092B5786AEF7D228F /* Release */,
			);
			defaultConfigurationIsVisible = 0;
			defaultConfigurationName = Debug;
		};
		9D8E6D819B79FDF4A15C5FDD /* Build configuration list for PBXNativeTarget "QuotaGlanceWidget" */ = {
			isa = XCConfigurationList;
			buildConfigurations = (
				F6F1C2C51592CB69736D09F3 /* Debug */,
				8A80C48155658C735AD22642 /* Release */,
			);
			defaultConfigurationIsVisible = 0;
			defaultConfigurationName = Debug;
		};
		E68FCA8941092233FFE0FC9A /* Build configuration list for PBXNativeTarget "QuotaGlanceLegacy" */ = {
			isa = XCConfigurationList;
			buildConfigurations = (
				D2FAD0898F020609D1D3ECF7 /* Debug */,
				FFC2E1332F974433D180DA66 /* Release */,
			);
			defaultConfigurationIsVisible = 0;
			defaultConfigurationName = Debug;
		};
/* End XCConfigurationList section */

/* Begin XCLocalSwiftPackageReference section */
		F3213ACBB4C05471B0AF07BE /* XCLocalSwiftPackageReference "." */ = {
			isa = XCLocalSwiftPackageReference;
			relativePath = .;
		};
/* End XCLocalSwiftPackageReference section */

/* Begin XCSwiftPackageProductDependency section */
		0E9F2892EEC90A01AD6AE577 /* QuotaGlanceCore */ = {
			isa = XCSwiftPackageProductDependency;
			productName = QuotaGlanceCore;
		};
		517E2F8F23A8C70D387A5652 /* QuotaGlanceCore */ = {
			isa = XCSwiftPackageProductDependency;
			productName = QuotaGlanceCore;
		};
		B43433A80E4865082B579D2E /* QuotaGlanceCore */ = {
			isa = XCSwiftPackageProductDependency;
			productName = QuotaGlanceCore;
		};
/* End XCSwiftPackageProductDependency section */
	};
	rootObject = 8F61C0D2CAD99FDA9F2BAB8B /* Project object */;
}
